
Microsoft Visual Studio Solution File, Format Version 12.00
# Visual Studio 15
VisualStudioVersion = 15.0.28307.572
MinimumVisualStudioVersion = 10.0.40219.1
Project("{9A19103F-16F7-4668-BE54-9A1E7A4F7556}") = "WebCoreProjekt", "WebCore 2.1\WebCoreProjekt.csproj", "{F4528647-9707-44F9-8FE2-FAA7566F259C}"
EndProject
Global
	GlobalSection(SolutionConfigurationPlatforms) = preSolution
		Debug|Any CPU = Debug|Any CPU
		Release|Any CPU = Release|Any CPU
	EndGlobalSection
	GlobalSection(ProjectConfigurationPlatforms) = postSolution
		{F4528647-9707-44F9-8FE2-FAA7566F259C}.Debug|Any CPU.ActiveCfg = Debug|Any CPU
		{F4528647-9707-44F9-8FE2-FAA7566F259C}.Debug|Any CPU.Build.0 = Debug|Any CPU
		{F4528647-9707-44F9-8FE2-FAA7566F259C}.Release|Any CPU.ActiveCfg = Release|Any CPU
		{F4528647-9707-44F9-8FE2-FAA7566F259C}.Release|Any CPU.Build.0 = Release|Any CPU
	EndGlobalSection
	GlobalSection(SolutionProperties) = preSolution
		HideSolutionNode = FALSE
	EndGlobalSection
	GlobalSection(ExtensibilityGlobals) = postSolution
		SolutionGuid = {615F9AD8-F2FA-45F0-A411-4C869580BB86}
	EndGlobalSection
EndGlobal
